
Microsoft Visual Studio Solution File, Format Version 12.00
# Visual Studio Version 17
VisualStudioVersion = 17.14.36616.10
MinimumVisualStudioVersion = 10.0.40219.1
Project("{FAE04EC0-301F-11D3-BF4B-00C04F79EFBC}") = "NotificacoesApp.Api", "NotificacoesApp.Api\NotificacoesApp.Api.csproj", "{5B0ED86C-1F77-4A86-BB47-4E6CAC5732DF}"
EndProject
Project("{2150E333-8FDC-42A3-9474-1A3956D46DE8}") = "Itens de Solução", "Itens de Solução", "{380A7511-A354-6D7A-0CC0-8FA1F1BA7B6C}"
	ProjectSection(SolutionItems) = preProject
		docker-compose.yml = docker-compose.yml
		.github\workflows\pipeline.yml = .github\workflows\pipeline.yml
	EndProjectSection
EndProject
Global
	GlobalSection(SolutionConfigurationPlatforms) = preSolution
		Debug|Any CPU = Debug|Any CPU
		Release|Any CPU = Release|Any CPU
	EndGlobalSection
	GlobalSection(ProjectConfigurationPlatforms) = postSolution
		{5B0ED86C-1F77-4A86-BB47-4E6CAC5732DF}.Debug|Any CPU.ActiveCfg = Debug|Any CPU
		{5B0ED86C-1F77-4A86-BB47-4E6CAC5732DF}.Debug|Any CPU.Build.0 = Debug|Any CPU
		{5B0ED86C-1F77-4A86-BB47-4E6CAC5732DF}.Release|Any CPU.ActiveCfg = Release|Any CPU
		{5B0ED86C-1F77-4A86-BB47-4E6CAC5732DF}.Release|Any CPU.Build.0 = Release|Any CPU
	EndGlobalSection
	GlobalSection(SolutionProperties) = preSolution
		HideSolutionNode = FALSE
	EndGlobalSection
	GlobalSection(ExtensibilityGlobals) = postSolution
		SolutionGuid = {8ACE10D8-822C-4E8B-92A9-EFFA24829E34}
	EndGlobalSection
EndGlobal
